schema: '2.0'
stages:
  data_ingestion:
    cmd: python src/data/data_ingestion.py
    deps:
    - path: src/data/data_ingestion.py
      hash: md5
      md5: bb90bfe1d3421ae80bc439a161d04e3e
      size: 3449
    params:
      params.yaml:
        data_ingestion.test_size: 0.25
    outs:
    - path: data/raw
      hash: md5
      md5: b1dbb4e29e6816fef502e496c35b7402.dir
      size: 817597
      nfiles: 2
  data_preprocessing:
    cmd: python src/data/data_preprocessing.py
    deps:
    - path: data/raw
      hash: md5
      md5: b1dbb4e29e6816fef502e496c35b7402.dir
      size: 817597
      nfiles: 2
    - path: src/data/data_preprocessing.py
      hash: md5
      md5: 2031843912c4af269f668db21e154783
      size: 3895
    outs:
    - path: data/interim
      hash: md5
      md5: ba69d5a1580b7784aa93535218d617c4.dir
      size: 555834
      nfiles: 2
  feature_engineering:
    cmd: python src/features/feature_engineering.py
    deps:
    - path: data/interim
      hash: md5
      md5: ba69d5a1580b7784aa93535218d617c4.dir
      size: 555834
      nfiles: 2
    - path: src/features/feature_engineering.py
      hash: md5
      md5: a4e2c9d9336aabf06653beacce87912e
      size: 3770
    params:
      params.yaml:
        feature_engineering.max_features: 5000
    outs:
    - path: data/processed
      hash: md5
      md5: 53897d1cc50313a4b93af08b55b87dc9.dir
      size: 103808540
      nfiles: 2
    - path: models/vectorizer.pkl
      hash: md5
      md5: 4008942970e9e4b4efcb651e71836709
      size: 140447
  model_building:
    cmd: python src/model/model_building.py
    deps:
    - path: data/processed
      hash: md5
      md5: 53897d1cc50313a4b93af08b55b87dc9.dir
      size: 103808540
      nfiles: 2
    - path: src/model/model_building.py
      hash: md5
      md5: 4d89bb8181366c524ab585b55705b265
      size: 2298
    outs:
    - path: models/model.pkl
      hash: md5
      md5: cac65ccb0357558edf09984916f2ceb1
      size: 40717
  model_evaluation:
    cmd: python src/model/model_evaluation.py
    deps:
    - path: models/model.pkl
      hash: md5
      md5: cac65ccb0357558edf09984916f2ceb1
      size: 40717
    - path: src/model/model_evaluation.py
      hash: md5
      md5: 26fb77f6b0a2eee624615265dafd0413
      size: 6185
    outs:
    - path: reports/experiment_info.json
      hash: md5
      md5: 168318c12b86ed609259f35effd04909
      size: 79
    - path: reports/metrics.json
      hash: md5
      md5: be3b11154ccd7061386a64affa25f1d4
      size: 140
  model_registration:
    cmd: python src/model/register_model.py
    deps:
    - path: reports/experiment_info.json
      hash: md5
      md5: 168318c12b86ed609259f35effd04909
      size: 79
    - path: src/model/register_model.py
      hash: md5
      md5: 8e07b20c4aef416e3fb5452a975771e3
      size: 3420
